
Microsoft Visual Studio Solution File, Format Version 12.00
# Visual Studio Version 17
VisualStudioVersion = 17.5.002.0
MinimumVisualStudioVersion = 10.0.40219.1
Project("{9A19103F-16F7-4668-BE54-9A1E7A4F7556}") = "spo-storage-function", "spo-storage-function.csproj", "{D02AC1F6-AF04-4BD5-8786-61B157F9784C}"
EndProject
Global
	GlobalSection(SolutionConfigurationPlatforms) = preSolution
		Debug|Any CPU = Debug|Any CPU
		Release|Any CPU = Release|Any CPU
	EndGlobalSection
	GlobalSection(ProjectConfigurationPlatforms) = postSolution
		{D02AC1F6-AF04-4BD5-8786-61B157F9784C}.Debug|Any CPU.ActiveCfg = Debug|Any CPU
		{D02AC1F6-AF04-4BD5-8786-61B157F9784C}.Debug|Any CPU.Build.0 = Debug|Any CPU
		{D02AC1F6-AF04-4BD5-8786-61B157F9784C}.Release|Any CPU.ActiveCfg = Release|Any CPU
		{D02AC1F6-AF04-4BD5-8786-61B157F9784C}.Release|Any CPU.Build.0 = Release|Any CPU
	EndGlobalSection
	GlobalSection(SolutionProperties) = preSolution
		HideSolutionNode = FALSE
	EndGlobalSection
	GlobalSection(ExtensibilityGlobals) = postSolution
		SolutionGuid = {51D68B97-AB41-4E9F-AEB2-C97A9C9F488B}
	EndGlobalSection
EndGlobal
